
Microsoft Visual Studio Solution File, Format Version 12.00
# Visual Studio Version 17
VisualStudioVersion = 17.11.35208.52
MinimumVisualStudioVersion = 10.0.40219.1
Project("{9A19103F-16F7-4668-BE54-9A1E7A4F7556}") = "WebApplication2", "WebApplication2\WebApplication2.csproj", "{B591D2F4-73B1-493D-A07C-1DE4AD5B2E5E}"
EndProject
Global
	GlobalSection(SolutionConfigurationPlatforms) = preSolution
		Debug|Any CPU = Debug|Any CPU
		Release|Any CPU = Release|Any CPU
	EndGlobalSection
	GlobalSection(ProjectConfigurationPlatforms) = postSolution
		{B591D2F4-73B1-493D-A07C-1DE4AD5B2E5E}.Debug|Any CPU.ActiveCfg = Debug|Any CPU
		{B591D2F4-73B1-493D-A07C-1DE4AD5B2E5E}.Debug|Any CPU.Build.0 = Debug|Any CPU
		{B591D2F4-73B1-493D-A07C-1DE4AD5B2E5E}.Release|Any CPU.ActiveCfg = Release|Any CPU
		{B591D2F4-73B1-493D-A07C-1DE4AD5B2E5E}.Release|Any CPU.Build.0 = Release|Any CPU
	EndGlobalSection
	GlobalSection(SolutionProperties) = preSolution
		HideSolutionNode = FALSE
	EndGlobalSection
	GlobalSection(ExtensibilityGlobals) = postSolution
		SolutionGuid = {2992FD92-E8E7-41BA-9EA8-4DF283028BD1}
	EndGlobalSection
EndGlobal
